schema: '2.0'
stages:
  data_acquisition:
    cmd: python source/get_data.py --params=params.yaml
    deps:
    - path: params.yaml
      hash: md5
      md5: 5c89dcd26768bfab4fd8938d89d38b8b
      size: 1425
    - path: source/get_data.py
      hash: md5
      md5: 92fbf740c31eb570465d61cfa1266479
      size: 889
    params:
      params.yaml:
        data_acquisition:
          path: tutorials/versioning/data.zip
          repo: https://github.com/iterative/dataset-registry
    outs:
    - path: data.zip
      hash: md5
      md5: fa9c0eb4173d86695b4e800219651360
      size: 41122310
  data_preprocess:
    cmd: python source/data_preprocess.py --params=params.yaml
    deps:
    - path: params.yaml
      hash: md5
      md5: 5c89dcd26768bfab4fd8938d89d38b8b
      size: 1425
    - path: source/data_preprocess.py
      hash: md5
      md5: c6d36ebcb359981a765080552baa005a
      size: 1748
    params:
      params.yaml:
        data_preprocess:
          abspath: data.zip
          images_path: data/train/**/*
  data_augmentation:
    cmd: python source/data_augmentation.py --params=params.yaml
    deps:
    - path: data/
      hash: md5
      md5: d751713988987e9331980363e24189ce.dir
      size: 0
      nfiles: 0
    - path: params.yaml
      hash: md5
      md5: 5c89dcd26768bfab4fd8938d89d38b8b
      size: 1425
    - path: source/data_augmentation.py
      hash: md5
      md5: fca3f5db90e316cd712205a4a78ab536
      size: 2818
    params:
      params.yaml:
        data_augmentation:
          images_path: data/train/
          WithBrightnessChannels:
          - -50
          - 50
          ChangeColorTemperature:
          - 1100
          - 10000
          AddToSaturation:
          - -40
          - 40
          RemoveSaturation_mul: 0.25
          MotionBlur_k: 3
    outs:
    - path: data_aug.zip
      hash: md5
      md5: b77b241d528b80d60d28e6ed201f6ae9
      size: 41122174
  train:
    cmd: python source/train.py --params=params.yaml
    deps:
    - path: params.yaml
      hash: md5
      md5: 5c89dcd26768bfab4fd8938d89d38b8b
      size: 1425
    - path: source/train.py
      hash: md5
      md5: 2e1f71cd0ee89d37a675cad320cb7bc2
      size: 5397
    params:
      params.yaml:
        train:
          num_classes: 2
          image_size: 224
          batch_size_training: 32
          batch_size_validation: 16
          mid_neurons: 1024
          mid_activation: relu
          drop_rate: 0.2
          end_neurons: 2
          end_activation: softmax
          class_mode: categorical
          optimizer: adam
          loss: categorical_crossentropy
          metric: accuracy
          number_epoch: 2
          abspath_data: data
          best_model_path: model/model_catdog.h5
    outs:
    - path: model/model_catdog.h5
      hash: md5
      md5: 02dcebbb1bd8f0a0693b630813eb9ff3
      size: 77868360
  evaluate:
    cmd: python source/evaluate.py model/model_catdog.h5 scores.json prc.json roc.json
    deps:
    - path: model/model_catdog.h5
      hash: md5
      md5: 02dcebbb1bd8f0a0693b630813eb9ff3
      size: 77868360
    - path: source/evaluate.py
      hash: md5
      md5: abceda994f45700c90b9342abe5f0767
      size: 3148
    outs:
    - path: prc.json
      hash: md5
      md5: d8b060edd8edfbe6204fc4b56e24c2ec
      size: 3068
    - path: roc.json
      hash: md5
      md5: 6a4580b6cf3ca2ab9e91c172c017bbfa
      size: 475
    - path: scores.json
      hash: md5
      md5: 1410f408c4acee435c6aebcedcb3ad7f
      size: 117
