schema: '2.0'
stages:
  data_acquisition:
    cmd: python source/get_data.py --params=params.yaml
    deps:
    - path: params.yaml
      hash: md5
      md5: 5c89dcd26768bfab4fd8938d89d38b8b
      size: 1425
    - path: source/get_data.py
      hash: md5
      md5: 92fbf740c31eb570465d61cfa1266479
      size: 889
    params:
      params.yaml:
        data_acquisition:
          path: tutorials/versioning/data.zip
          repo: https://github.com/iterative/dataset-registry
    outs:
    - path: data.zip
      hash: md5
      md5: fa9c0eb4173d86695b4e800219651360
      size: 41122310
  data_preprocess:
    cmd: python source/data_preprocess.py --params=params.yaml
    deps:
    - path: params.yaml
      hash: md5
      md5: 5c89dcd26768bfab4fd8938d89d38b8b
      size: 1425
    - path: source/data_preprocess.py
      hash: md5
      md5: c6d36ebcb359981a765080552baa005a
      size: 1748
    params:
      params.yaml:
        data_preprocess:
          abspath: data.zip
          images_path: data/train/**/*
    outs:
    - path: data/
      hash: md5
      md5: 9284a60da9e327917bc0fa8c9a7bf1a7.dir
      size: 41149064
      nfiles: 1800
  data_augmentation:
    cmd: python source/data_augmentation.py --params=params.yaml
    deps:
    - path: data/
      hash: md5
      md5: 36e9532e512085a731ff56e86a1d63ac.dir
      size: 41231043
      nfiles: 1804
    - path: params.yaml
      hash: md5
      md5: 5c89dcd26768bfab4fd8938d89d38b8b
      size: 1425
    - path: source/data_augmentation.py
      hash: md5
      md5: fca3f5db90e316cd712205a4a78ab536
      size: 2818
    params:
      params.yaml:
        data_augmentation:
          images_path: data/train/
          WithBrightnessChannels:
          - -50
          - 50
          ChangeColorTemperature:
          - 1100
          - 10000
          AddToSaturation:
          - -40
          - 40
          RemoveSaturation_mul: 0.25
          MotionBlur_k: 3
    outs:
    - path: data_aug.zip
      hash: md5
      md5: a921a4546e9186f63bddfccc283420fc
      size: 41117909
  train:
    cmd: python source/train.py --params=params.yaml
    deps:
    - path: params.yaml
      hash: md5
      md5: bec639807937633a0bc5954d714371b7
      size: 1425
    - path: source/train.py
      hash: md5
      md5: 40560a0359a0311da28f646bf21de69f
      size: 5724
    params:
      params.yaml:
        train:
          num_classes: 2
          image_size: 224
          batch_size_training: 32
          batch_size_validation: 16
          mid_neurons: 1024
          mid_activation: relu
          drop_rate: 0.2
          end_neurons: 2
          end_activation: softmax
          class_mode: categorical
          optimizer: adam
          loss: categorical_crossentropy
          metric: accuracy
          number_epoch: 3
          abspath_data: data
          best_model_path: model/model_catdog.h5
    outs:
    - path: history.json
      hash: md5
      md5: 49fbdb439bf5ec4bd00707453faf2468
      size: 257
    - path: model/model_catdog.h5
      hash: md5
      md5: 7966e9f1045086b2b5537e400e1862cc
      size: 77868360
  evaluate:
    cmd: python source/evaluate.py model/model_catdog.h5 scores.json prc.json roc.json
    deps:
    - path: model/model_catdog.h5
      hash: md5
      md5: 813ade5d37a11cf7a33b589ea597a34a
      size: 77868360
    - path: source/evaluate.py
      hash: md5
      md5: abceda994f45700c90b9342abe5f0767
      size: 3148
    outs:
    - path: prc.json
      hash: md5
      md5: c9802a3a13df4f4c91f6a405193f9e4c
      size: 2674
    - path: roc.json
      hash: md5
      md5: a538d2adc6af2f7c6f3e99ffcef0b3eb
      size: 489
    - path: scores.json
      hash: md5
      md5: dc455f31f34e050395468764b5175d02
      size: 116
